
Microsoft Visual Studio Solution File, Format Version 12.00
Project("{2150E333-8FDC-42A3-9474-1A3956D46DE8}") = "FrontEnd", "FrontEnd", "{2DB989F6-51DD-4FF3-9825-42A0BECCDFA3}"
EndProject
Project("{2150E333-8FDC-42A3-9474-1A3956D46DE8}") = "Services", "Services", "{F5D74AAB-AF1C-4D92-8036-0D5083E50BE2}"
EndProject
Project("{FAE04EC0-301F-11D3-BF4B-00C04F79EFBC}") = "GeekShopping.Web", "GeekShopping.Web\GeekShopping.Web.csproj", "{44ACDAD5-E519-4F03-A75B-0C589BCA24AE}"
EndProject
Project("{FAE04EC0-301F-11D3-BF4B-00C04F79EFBC}") = "GeekShopping.ProductAPI", "GeekShopping.ProductAPI\GeekShopping.ProductAPI.csproj", "{168739AE-18B9-4F73-BBBD-C7929754F95D}"
EndProject
Project("{FAE04EC0-301F-11D3-BF4B-00C04F79EFBC}") = "GeekShopping.IdentityServer", "GeekShopping.IdentityServer\GeekShopping.IdentityServer.csproj", "{10D8852A-4294-4829-AF84-37D23E5B48D5}"
EndProject
Project("{FAE04EC0-301F-11D3-BF4B-00C04F79EFBC}") = "GeekShopping.CartAPI", "GeekShopping.CartAPI\GeekShopping.CartAPI.csproj", "{FC617EBB-7F9F-4CFC-A496-004CD11E1811}"
EndProject
Project("{FAE04EC0-301F-11D3-BF4B-00C04F79EFBC}") = "GeekShopping.CouponAPI", "GeekShopping.CouponAPI\GeekShopping.CouponAPI.csproj", "{5E6F17CF-071A-4B6A-8324-A5A83A7BAB72}"
EndProject
Project("{2150E333-8FDC-42A3-9474-1A3956D46DE8}") = "Integration", "Integration", "{13BE1928-5ECC-45DC-9A77-860F97F1F26E}"
EndProject
Project("{FAE04EC0-301F-11D3-BF4B-00C04F79EFBC}") = "GeekShopping.MessageBus", "GeekShopping.MessageBus\GeekShopping.MessageBus.csproj", "{0FF47923-7734-4B93-977E-CF27E7BC17AD}"
EndProject
Project("{FAE04EC0-301F-11D3-BF4B-00C04F79EFBC}") = "GeekShopping.OrderAPI", "GeekShopping.OrderAPI\GeekShopping.OrderAPI.csproj", "{B51ED31E-B9A1-4B04-9640-6FE89AB3F8B3}"
EndProject
Project("{2150E333-8FDC-42A3-9474-1A3956D46DE8}") = "Payments", "Payments", "{844F5D14-FA0C-4208-A2C4-5BD8D485E55E}"
EndProject
Project("{FAE04EC0-301F-11D3-BF4B-00C04F79EFBC}") = "GeekShopping.PaymentProcessor", "GeekShopping.PaymentProcessor\GeekShopping.PaymentProcessor.csproj", "{E95CF85E-BDB3-4FFB-BCB3-3ADCDA3F25AF}"
EndProject
Project("{FAE04EC0-301F-11D3-BF4B-00C04F79EFBC}") = "GeekShopping.PaymentAPI", "GeekShopping.PaymentAPI\GeekShopping.PaymentAPI.csproj", "{4B449E0C-4CEE-4BF0-AA77-B51FC2418B7A}"
EndProject
Global
	GlobalSection(SolutionConfigurationPlatforms) = preSolution
		Debug|Any CPU = Debug|Any CPU
		Release|Any CPU = Release|Any CPU
	EndGlobalSection
	GlobalSection(ProjectConfigurationPlatforms) = postSolution
		{44ACDAD5-E519-4F03-A75B-0C589BCA24AE}.Debug|Any CPU.ActiveCfg = Debug|Any CPU
		{44ACDAD5-E519-4F03-A75B-0C589BCA24AE}.Debug|Any CPU.Build.0 = Debug|Any CPU
		{44ACDAD5-E519-4F03-A75B-0C589BCA24AE}.Release|Any CPU.ActiveCfg = Release|Any CPU
		{44ACDAD5-E519-4F03-A75B-0C589BCA24AE}.Release|Any CPU.Build.0 = Release|Any CPU
		{168739AE-18B9-4F73-BBBD-C7929754F95D}.Debug|Any CPU.ActiveCfg = Debug|Any CPU
		{168739AE-18B9-4F73-BBBD-C7929754F95D}.Debug|Any CPU.Build.0 = Debug|Any CPU
		{168739AE-18B9-4F73-BBBD-C7929754F95D}.Release|Any CPU.ActiveCfg = Release|Any CPU
		{168739AE-18B9-4F73-BBBD-C7929754F95D}.Release|Any CPU.Build.0 = Release|Any CPU
		{10D8852A-4294-4829-AF84-37D23E5B48D5}.Debug|Any CPU.ActiveCfg = Debug|Any CPU
		{10D8852A-4294-4829-AF84-37D23E5B48D5}.Debug|Any CPU.Build.0 = Debug|Any CPU
		{10D8852A-4294-4829-AF84-37D23E5B48D5}.Release|Any CPU.ActiveCfg = Release|Any CPU
		{10D8852A-4294-4829-AF84-37D23E5B48D5}.Release|Any CPU.Build.0 = Release|Any CPU
		{FC617EBB-7F9F-4CFC-A496-004CD11E1811}.Debug|Any CPU.ActiveCfg = Debug|Any CPU
		{FC617EBB-7F9F-4CFC-A496-004CD11E1811}.Debug|Any CPU.Build.0 = Debug|Any CPU
		{FC617EBB-7F9F-4CFC-A496-004CD11E1811}.Release|Any CPU.ActiveCfg = Release|Any CPU
		{FC617EBB-7F9F-4CFC-A496-004CD11E1811}.Release|Any CPU.Build.0 = Release|Any CPU
		{5E6F17CF-071A-4B6A-8324-A5A83A7BAB72}.Debug|Any CPU.ActiveCfg = Debug|Any CPU
		{5E6F17CF-071A-4B6A-8324-A5A83A7BAB72}.Debug|Any CPU.Build.0 = Debug|Any CPU
		{5E6F17CF-071A-4B6A-8324-A5A83A7BAB72}.Release|Any CPU.ActiveCfg = Release|Any CPU
		{5E6F17CF-071A-4B6A-8324-A5A83A7BAB72}.Release|Any CPU.Build.0 = Release|Any CPU
		{0FF47923-7734-4B93-977E-CF27E7BC17AD}.Debug|Any CPU.ActiveCfg = Debug|Any CPU
		{0FF47923-7734-4B93-977E-CF27E7BC17AD}.Debug|Any CPU.Build.0 = Debug|Any CPU
		{0FF47923-7734-4B93-977E-CF27E7BC17AD}.Release|Any CPU.ActiveCfg = Release|Any CPU
		{0FF47923-7734-4B93-977E-CF27E7BC17AD}.Release|Any CPU.Build.0 = Release|Any CPU
		{B51ED31E-B9A1-4B04-9640-6FE89AB3F8B3}.Debug|Any CPU.ActiveCfg = Debug|Any CPU
		{B51ED31E-B9A1-4B04-9640-6FE89AB3F8B3}.Debug|Any CPU.Build.0 = Debug|Any CPU
		{B51ED31E-B9A1-4B04-9640-6FE89AB3F8B3}.Release|Any CPU.ActiveCfg = Release|Any CPU
		{B51ED31E-B9A1-4B04-9640-6FE89AB3F8B3}.Release|Any CPU.Build.0 = Release|Any CPU
		{E95CF85E-BDB3-4FFB-BCB3-3ADCDA3F25AF}.Debug|Any CPU.ActiveCfg = Debug|Any CPU
		{E95CF85E-BDB3-4FFB-BCB3-3ADCDA3F25AF}.Debug|Any CPU.Build.0 = Debug|Any CPU
		{E95CF85E-BDB3-4FFB-BCB3-3ADCDA3F25AF}.Release|Any CPU.ActiveCfg = Release|Any CPU
		{E95CF85E-BDB3-4FFB-BCB3-3ADCDA3F25AF}.Release|Any CPU.Build.0 = Release|Any CPU
		{4B449E0C-4CEE-4BF0-AA77-B51FC2418B7A}.Debug|Any CPU.ActiveCfg = Debug|Any CPU
		{4B449E0C-4CEE-4BF0-AA77-B51FC2418B7A}.Debug|Any CPU.Build.0 = Debug|Any CPU
		{4B449E0C-4CEE-4BF0-AA77-B51FC2418B7A}.Release|Any CPU.ActiveCfg = Release|Any CPU
		{4B449E0C-4CEE-4BF0-AA77-B51FC2418B7A}.Release|Any CPU.Build.0 = Release|Any CPU
	EndGlobalSection
	GlobalSection(NestedProjects) = preSolution
		{44ACDAD5-E519-4F03-A75B-0C589BCA24AE} = {2DB989F6-51DD-4FF3-9825-42A0BECCDFA3}
		{168739AE-18B9-4F73-BBBD-C7929754F95D} = {F5D74AAB-AF1C-4D92-8036-0D5083E50BE2}
		{10D8852A-4294-4829-AF84-37D23E5B48D5} = {F5D74AAB-AF1C-4D92-8036-0D5083E50BE2}
		{FC617EBB-7F9F-4CFC-A496-004CD11E1811} = {F5D74AAB-AF1C-4D92-8036-0D5083E50BE2}
		{5E6F17CF-071A-4B6A-8324-A5A83A7BAB72} = {F5D74AAB-AF1C-4D92-8036-0D5083E50BE2}
		{0FF47923-7734-4B93-977E-CF27E7BC17AD} = {13BE1928-5ECC-45DC-9A77-860F97F1F26E}
		{B51ED31E-B9A1-4B04-9640-6FE89AB3F8B3} = {F5D74AAB-AF1C-4D92-8036-0D5083E50BE2}
		{E95CF85E-BDB3-4FFB-BCB3-3ADCDA3F25AF} = {844F5D14-FA0C-4208-A2C4-5BD8D485E55E}
		{4B449E0C-4CEE-4BF0-AA77-B51FC2418B7A} = {F5D74AAB-AF1C-4D92-8036-0D5083E50BE2}
	EndGlobalSection
EndGlobal
