
Microsoft Visual Studio Solution File, Format Version 12.00
Project("{2150E333-8FDC-42A3-9474-1A3956D46DE8}") = "FrontEnd", "FrontEnd", "{2DB989F6-51DD-4FF3-9825-42A0BECCDFA3}"
EndProject
Project("{2150E333-8FDC-42A3-9474-1A3956D46DE8}") = "Services", "Services", "{F5D74AAB-AF1C-4D92-8036-0D5083E50BE2}"
EndProject
Project("{FAE04EC0-301F-11D3-BF4B-00C04F79EFBC}") = "GeekShopping.Web", "GeekShopping.Web\GeekShopping.Web.csproj", "{44ACDAD5-E519-4F03-A75B-0C589BCA24AE}"
EndProject
Project("{FAE04EC0-301F-11D3-BF4B-00C04F79EFBC}") = "GeekShopping.ProductAPI", "GeekShopping.ProductAPI\GeekShopping.ProductAPI.csproj", "{168739AE-18B9-4F73-BBBD-C7929754F95D}"
EndProject
Project("{FAE04EC0-301F-11D3-BF4B-00C04F79EFBC}") = "GeekShopping.IdentityServer", "GeekShopping.IdentityServer\GeekShopping.IdentityServer.csproj", "{10D8852A-4294-4829-AF84-37D23E5B48D5}"
EndProject
Global
	GlobalSection(SolutionConfigurationPlatforms) = preSolution
		Debug|Any CPU = Debug|Any CPU
		Release|Any CPU = Release|Any CPU
	EndGlobalSection
	GlobalSection(ProjectConfigurationPlatforms) = postSolution
		{44ACDAD5-E519-4F03-A75B-0C589BCA24AE}.Debug|Any CPU.ActiveCfg = Debug|Any CPU
		{44ACDAD5-E519-4F03-A75B-0C589BCA24AE}.Debug|Any CPU.Build.0 = Debug|Any CPU
		{44ACDAD5-E519-4F03-A75B-0C589BCA24AE}.Release|Any CPU.ActiveCfg = Release|Any CPU
		{44ACDAD5-E519-4F03-A75B-0C589BCA24AE}.Release|Any CPU.Build.0 = Release|Any CPU
		{168739AE-18B9-4F73-BBBD-C7929754F95D}.Debug|Any CPU.ActiveCfg = Debug|Any CPU
		{168739AE-18B9-4F73-BBBD-C7929754F95D}.Debug|Any CPU.Build.0 = Debug|Any CPU
		{168739AE-18B9-4F73-BBBD-C7929754F95D}.Release|Any CPU.ActiveCfg = Release|Any CPU
		{168739AE-18B9-4F73-BBBD-C7929754F95D}.Release|Any CPU.Build.0 = Release|Any CPU
		{10D8852A-4294-4829-AF84-37D23E5B48D5}.Debug|Any CPU.ActiveCfg = Debug|Any CPU
		{10D8852A-4294-4829-AF84-37D23E5B48D5}.Debug|Any CPU.Build.0 = Debug|Any CPU
		{10D8852A-4294-4829-AF84-37D23E5B48D5}.Release|Any CPU.ActiveCfg = Release|Any CPU
		{10D8852A-4294-4829-AF84-37D23E5B48D5}.Release|Any CPU.Build.0 = Release|Any CPU
	EndGlobalSection
	GlobalSection(NestedProjects) = preSolution
		{44ACDAD5-E519-4F03-A75B-0C589BCA24AE} = {2DB989F6-51DD-4FF3-9825-42A0BECCDFA3}
		{168739AE-18B9-4F73-BBBD-C7929754F95D} = {F5D74AAB-AF1C-4D92-8036-0D5083E50BE2}
		{10D8852A-4294-4829-AF84-37D23E5B48D5} = {F5D74AAB-AF1C-4D92-8036-0D5083E50BE2}
	EndGlobalSection
EndGlobal
